
Microsoft Visual Studio Solution File, Format Version 12.00
# Visual Studio Version 16
VisualStudioVersion = 16.0.29306.81
MinimumVisualStudioVersion = 10.0.40219.1
Project("{8BC9CEB8-8B4A-11D0-8D11-00A0C91BC942}") = "DataStructureChapter3StackQueue", "DataStructureChapter3StackQueue.vcxproj", "{9B08891A-3B35-4630-AF1E-9A8171C7D290}"
EndProject
Global
	GlobalSection(SolutionConfigurationPlatforms) = preSolution
		Debug|x64 = Debug|x64
		Debug|x86 = Debug|x86
		Release|x64 = Release|x64
		Release|x86 = Release|x86
	EndGlobalSection
	GlobalSection(ProjectConfigurationPlatforms) = postSolution
		{9B08891A-3B35-4630-AF1E-9A8171C7D290}.Debug|x64.ActiveCfg = Debug|x64
		{9B08891A-3B35-4630-AF1E-9A8171C7D290}.Debug|x64.Build.0 = Debug|x64
		{9B08891A-3B35-4630-AF1E-9A8171C7D290}.Debug|x86.ActiveCfg = Debug|Win32
		{9B08891A-3B35-4630-AF1E-9A8171C7D290}.Debug|x86.Build.0 = Debug|Win32
		{9B08891A-3B35-4630-AF1E-9A8171C7D290}.Release|x64.ActiveCfg = Release|x64
		{9B08891A-3B35-4630-AF1E-9A8171C7D290}.Release|x64.Build.0 = Release|x64
		{9B08891A-3B35-4630-AF1E-9A8171C7D290}.Release|x86.ActiveCfg = Release|Win32
		{9B08891A-3B35-4630-AF1E-9A8171C7D290}.Release|x86.Build.0 = Release|Win32
	EndGlobalSection
	GlobalSection(SolutionProperties) = preSolution
		HideSolutionNode = FALSE
	EndGlobalSection
	GlobalSection(ExtensibilityGlobals) = postSolution
		SolutionGuid = {E14AEFFA-B72F-4750-BAE1-5FF7C5E3C689}
	EndGlobalSection
EndGlobal
